PODS:
  - Capacitor (5.2.0):
    - CapacitorCordova
  - CapacitorApp (5.0.6):
    - Capacitor
  - CapacitorCordova (5.2.0)

DEPENDENCIES:
  - "Capacitor (from `../../node_modules/@capacitor/ios`)"
  - "CapacitorApp (from `../../node_modules/@capacitor/app`)"
  - "CapacitorCordova (from `../../node_modules/@capacitor/ios`)"

EXTERNAL SOURCES:
  Capacitor:
    :path: "../../node_modules/@capacitor/ios"
  CapacitorApp:
    :path: "../../node_modules/@capacitor/app"
  CapacitorCordova:
    :path: "../../node_modules/@capacitor/ios"

SPEC CHECKSUMS:
  Capacitor: ee9a51af1f4b63e86c2c8b9938b1f8286c203e2c
  CapacitorApp: 024e1b1bea5f883d79f6330d309bc441c88ad04a
  CapacitorCordova: 225d4817e9673b8dbcef8d9a3ccbd37f1f1c26cd

PODFILE CHECKSUM: 4233f5c5f414604460ff96d372542c311b0fb7a8

COCOAPODS: 1.11.3
